
Microsoft Visual Studio Solution File, Format Version 12.00
# Visual Studio Version 17
VisualStudioVersion = 17.9.34902.65
MinimumVisualStudioVersion = 10.0.40219.1
Project("{FAE04EC0-301F-11D3-BF4B-00C04F79EFBC}") = "HandleSoftDelete", "HandleSoftDelete\HandleSoftDelete.csproj", "{77AAE848-1DA1-4D04-8CD7-C481E4E6FE5F}"
EndProject
Global
	GlobalSection(SolutionConfigurationPlatforms) = preSolution
		Debug|Any CPU = Debug|Any CPU
		Release|Any CPU = Release|Any CPU
	EndGlobalSection
	GlobalSection(ProjectConfigurationPlatforms) = postSolution
		{77AAE848-1DA1-4D04-8CD7-C481E4E6FE5F}.Debug|Any CPU.ActiveCfg = Debug|Any CPU
		{77AAE848-1DA1-4D04-8CD7-C481E4E6FE5F}.Debug|Any CPU.Build.0 = Debug|Any CPU
		{77AAE848-1DA1-4D04-8CD7-C481E4E6FE5F}.Release|Any CPU.ActiveCfg = Release|Any CPU
		{77AAE848-1DA1-4D04-8CD7-C481E4E6FE5F}.Release|Any CPU.Build.0 = Release|Any CPU
	EndGlobalSection
	GlobalSection(SolutionProperties) = preSolution
		HideSolutionNode = FALSE
	EndGlobalSection
	GlobalSection(ExtensibilityGlobals) = postSolution
		SolutionGuid = {1821ED32-5E04-4A84-91C6-3C05DF99E1B1}
	EndGlobalSection
EndGlobal
